// !$*UTF8*$!
{
	archiveVersion = 1;
	classes = {
	};
	objectVersion = 48;
	objects = {

/* Begin PBXBuildFile section */
		2FD5F73E1FA05EBE00C8C0A2 /* AppDelegate.m in Sources */ = {isa = PBXBuildFile; fileRef = 2FD5F73D1FA05EBE00C8C0A2 /* AppDelegate.m */; };
		2FD5F7411FA05EBE00C8C0A2 /* ViewController.m in Sources */ = {isa = PBXBuildFile; fileRef = 2FD5F7401FA05EBE00C8C0A2 /* ViewController.m */; };
		2FD5F7461FA05EBE00C8C0A2 /* Assets.xcassets in Resources */ = {isa = PBXBuildFile; fileRef = 2FD5F7451FA05EBE00C8C0A2 /* Assets.xcassets */; };
		2FD5F7491FA05EBE00C8C0A2 /* LaunchScreen.storyboard in Resources */ = {isa = PBXBuildFile; fileRef = 2FD5F7471FA05EBE00C8C0A2 /* LaunchScreen.storyboard */; };
		2FD5F74C1FA05EBE00C8C0A2 /* main.m in Sources */ = {isa = PBXBuildFile; fileRef = 2FD5F74B1FA05EBE00C8C0A2 /* main.m */; };
/* End PBXBuildFile section */

/* Begin PBXFileReference section */
		2FD5F7391FA05EBE00C8C0A2 /* StatusBarDemo.app */ = {isa = PBXFileReference; explicitFileType = wrapper.application; includeInIndex = 0; path = StatusBarDemo.app; sourceTree = BUILT_PRODUCTS_DIR; };
		2FD5F73C1FA05EBE00C8C0A2 /* AppDelegate.h */ = {isa = PBXFileReference; lastKnownFileType = sourcecode.c.h; path = AppDelegate.h; sourceTree = "<group>"; };
		2FD5F73D1FA05EBE00C8C0A2 /* AppDelegate.m */ = {isa = PBXFileReference; lastKnownFileType = sourcecode.c.objc; path = AppDelegate.m; sourceTree = "<group>"; };
		2FD5F73F1FA05EBE00C8C0A2 /* ViewController.h */ = {isa = PBXFileReference; lastKnownFileType = sourcecode.c.h; path = ViewController.h; sourceTree = "<group>"; };
		2FD5F7401FA05EBE00C8C0A2 /* ViewController.m */ = {isa = PBXFileReference; lastKnownFileType = sourcecode.c.objc; path = ViewController.m; sourceTree = "<group>"; };
		2FD5F7451FA05EBE00C8C0A2 /* Assets.xcassets */ = {isa = PBXFileReference; lastKnownFileType = folder.assetcatalog; path = Assets.xcassets; sourceTree = "<group>"; };
		2FD5F7481FA05EBE00C8C0A2 /* Base */ = {isa = PBXFileReference; lastKnownFileType = file.storyboard; name = Base; path = Base.lproj/LaunchScreen.storyboard; sourceTree = "<group>"; };
		2FD5F74A1FA05EBE00C8C0A2 /* Info.plist */ = {isa = PBXFileReference; lastKnownFileType = text.plist.xml; path = Info.plist; sourceTree = "<group>"; };
		2FD5F74B1FA05EBE00C8C0A2 /* main.m */ = {isa = PBXFileReference; lastKnownFileType = sourcecode.c.objc; path = main.m; sourceTree = "<group>"; };
/* End PBXFileReference section */

/* Begin PBXFrameworksBuildPhase section */
		2FD5F7361FA05EBE00C8C0A2 /* Frameworks */ = {
			isa = PBXFrameworksBuildPhase;
			buildActionMask = 2147483647;
			files = (
			);
			runOnlyForDeploymentPostprocessing = 0;
		};
/* End PBXFrameworksBuildPhase section */

/* Begin PBXGroup section */
		2FD5F7301FA05EBE00C8C0A2 = {
			isa = PBXGroup;
			children = (
				2FD5F73B1FA05EBE00C8C0A2 /* StatusBarDemo */,
				2FD5F73A1FA05EBE00C8C0A2 /* Products */,
			);
			sourceTree = "<group>";
		};
		2FD5F73A1FA05EBE00C8C0A2 /* Products */ = {
			isa = PBXGroup;
			children = (
				2FD5F7391FA05EBE00C8C0A2 /* StatusBarDemo.app */,
			);
			name = Products;
			sourceTree = "<group>";
		};
		2FD5F73B1FA05EBE00C8C0A2 /* StatusBarDemo */ = {
			isa = PBXGroup;
			children = (
				2FD5F73C1FA05EBE00C8C0A2 /* AppDelegate.h */,
				2FD5F73D1FA05EBE00C8C0A2 /* AppDelegate.m */,
				2FD5F73F1FA05EBE00C8C0A2 /* ViewController.h */,
				2FD5F7401FA05EBE00C8C0A2 /* ViewController.m */,
				2FD5F7451FA05EBE00C8C0A2 /* Assets.xcassets */,
				2FD5F7471FA05EBE00C8C0A2 /* LaunchScreen.storyboard */,
				2FD5F74A1FA05EBE00C8C0A2 /* Info.plist */,
				2FD5F74B1FA05EBE00C8C0A2 /* main.m */,
			);
			path = StatusBarDemo;
			sourceTree = "<group>";
		};
/* End PBXGroup section */

/* Begin PBXNativeTarget section */
		2FD5F7381FA05EBE00C8C0A2 /* StatusBarDemo */ = {
			isa = PBXNativeTarget;
			buildConfigurationList = 2FD5F74F1FA05EBE00C8C0A2 /* Build configuration list for PBXNativeTarget "StatusBarDemo" */;
			buildPhases = (
				2FD5F7351FA05EBE00C8C0A2 /* Sources */,
				2FD5F7361FA05EBE00C8C0A2 /* Frameworks */,
				2FD5F7371FA05EBE00C8C0A2 /* Resources */,
			);
			buildRules = (
			);
			dependencies = (
			);
			name = StatusBarDemo;
			productName = StatusBarDemo;
			productReference = 2FD5F7391FA05EBE00C8C0A2 /* StatusBarDemo.app */;
			productType = "com.apple.product-type.application";
		};
/* End PBXNativeTarget section */

/* Begin PBXProject section */
		2FD5F7311FA05EBE00C8C0A2 /* Project object */ = {
			isa = PBXProject;
			attributes = {
				LastUpgradeCheck = 0900;
				ORGANIZATIONNAME = tdx;
				TargetAttributes = {
					2FD5F7381FA05EBE00C8C0A2 = {
						CreatedOnToolsVersion = 9.0;
						ProvisioningStyle = Automatic;
					};
				};
			};
			buildConfigurationList = 2FD5F7341FA05EBE00C8C0A2 /* Build configuration list for PBXProject "StatusBarDemo" */;
			compatibilityVersion = "Xcode 8.0";
			developmentRegion = en;
			hasScannedForEncodings = 0;
			knownRegions = (
				en,
				Base,
			);
			mainGroup = 2FD5F7301FA05EBE00C8C0A2;
			productRefGroup = 2FD5F73A1FA05EBE00C8C0A2 /* Products */;
			projectDirPath = "";
			projectRoot = "";
			targets = (
				2FD5F7381FA05EBE00C8C0A2 /* StatusBarDemo */,
			);
		};
/* End PBXProject section */

/* Begin PBXResourcesBuildPhase section */
		2FD5F7371FA05EBE00C8C0A2 /* Resources */ = {
			isa = PBXResourcesBuildPhase;
			buildActionMask = 2147483647;
			files = (
				2FD5F7491FA05EBE00C8C0A2 /* LaunchScreen.storyboard in Resources */,
				2FD5F7461FA05EBE00C8C0A2 /* Assets.xcassets in Resources */,
			);
			runOnlyForDeploymentPostprocessing = 0;
		};
/* End PBXResourcesBuildPhase section */

/* Begin PBXSourcesBuildPhase section */
		2FD5F7351FA05EBE00C8C0A2 /* Sources */ = {
			isa = PBXSourcesBuildPhase;
			buildActionMask = 2147483647;
			files = (
				2FD5F7411FA05EBE00C8C0A2 /* ViewController.m in Sources */,
				2FD5F74C1FA05EBE00C8C0A2 /* main.m in Sources */,
				2FD5F73E1FA05EBE00C8C0A2 /* AppDelegate.m in Sources */,
			);
			runOnlyForDeploymentPostprocessing = 0;
		};
/* End PBXSourcesBuildPhase section */

/* Begin PBXVariantGroup section */
		2FD5F7471FA05EBE00C8C0A2 /* LaunchScreen.storyboard */ = {
			isa = PBXVariantGroup;
			children = (
				2FD5F7481FA05EBE00C8C0A2 /* Base */,
			);
			name = LaunchScreen.storyboard;
			sourceTree = "<group>";
		};
/* End PBXVariantGroup section */

/* Begin XCBuildConfiguration section */
		2FD5F74D1FA05EBE00C8C0A2 /* Debug */ = {
			isa = XCBuildConfiguration;
			buildSettings = {
				ALWAYS_SEARCH_USER_PATHS = NO;
				CLANG_ANALYZER_NONNULL = YES;
				CLANG_ANALYZER_NUMBER_OBJECT_CONVERSION = YES_AGGRESSIVE;
				CLANG_CXX_LANGUAGE_STANDARD = "gnu++14";
				CLANG_CXX_LIBRARY = "libc++";
				CLANG_ENABLE_MODULES = YES;
				CLANG_ENABLE_OBJC_ARC = YES;
				CLANG_WARN_BLOCK_CAPTURE_AUTORELEASING = YES;
				CLANG_WARN_BOOL_CONVERSION = YES;
				CLANG_WARN_COMMA = YES;
				CLANG_WARN_CONSTANT_CONVERSION = YES;
				CLANG_WARN_DIRECT_OBJC_ISA_USAGE = YES_ERROR;
				CLANG_WARN_DOCUMENTATION_COMMENTS = YES;
				CLANG_WARN_EMPTY_BODY = YES;
				CLANG_WARN_ENUM_CONVERSION = YES;
				CLANG_WARN_INFINITE_RECURSION = YES;
				CLANG_WARN_INT_CONVERSION = YES;
				CLANG_WARN_NON_LITERAL_NULL_CONVERSION = YES;
				CLANG_WARN_OBJC_LITERAL_CONVERSION = YES;
				CLANG_WARN_OBJC_ROOT_CLASS = YES_ERROR;
				CLANG_WARN_RANGE_LOOP_ANALYSIS = YES;
				CLANG_WARN_STRICT_PROTOTYPES = YES;
				CLANG_WARN_SUSPICIOUS_MOVE = YES;
				CLANG_WARN_UNGUARDED_AVAILABILITY = YES_AGGRESSIVE;
				CLANG_WARN_UNREACHABLE_CODE = YES;
				CLANG_WARN__DUPLICATE_METHOD_MATCH = YES;
				CODE_SIGN_IDENTITY = "iPhone Developer";
				COPY_PHASE_STRIP = NO;
				DEBUG_INFORMATION_FORMAT = dwarf;
				ENABLE_STRICT_OBJC_MSGSEND = YES;
				ENABLE_TESTABILITY = YES;
				GCC_C_LANGUAGE_STANDARD = gnu11;
				GCC_DYNAMIC_NO_PIC = NO;
				GCC_NO_COMMON_BLOCKS = YES;
				GCC_OPTIMIZATION_LEVEL = 0;
				GCC_PREPROCESSOR_DEFINITIONS = (
					"DEBUG=1",
					"$(inherited)",
				);
				GCC_WARN_64_TO_32_BIT_CONVERSION = YES;
				GCC_WARN_ABOUT_RETURN_TYPE = YES_ERROR;
				GCC_WARN_UNDECLARED_SELECTOR = YES;
				GCC_WARN_UNINITIALIZED_AUTOS = YES_AGGRESSIVE;
				GCC_WARN_UNUSED_FUNCTION = YES;
				GCC_WARN_UNUSED_VARIABLE = YES;
				IPHONEOS_DEPLOYMENT_TARGET = 11.0;
				MTL_ENABLE_DEBUG_INFO = YES;
				ONLY_ACTIVE_ARCH = YES;
				SDKROOT = iphoneos;
			};
			name = Debug;
		};
		2FD5F74E1FA05EBE00C8C0A2 /* Release */ = {
			isa = XCBuildConfiguration;
			buildSettings = {
				ALWAYS_SEARCH_USER_PATHS = NO;
				CLANG_ANALYZER_NONNULL = YES;
				CLANG_ANALYZER_NUMBER_OBJECT_CONVERSION = YES_AGGRESSIVE;
				CLANG_CXX_LANGUAGE_STANDARD = "gnu++14";
				CLANG_CXX_LIBRARY = "libc++";
				CLANG_ENABLE_MODULES = YES;
				CLANG_ENABLE_OBJC_ARC = YES;
				CLANG_WARN_BLOCK_CAPTURE_AUTORELEASING = YES;
				CLANG_WARN_BOOL_CONVERSION = YES;
				CLANG_WARN_COMMA = YES;
				CLANG_WARN_CONSTANT_CONVERSION = YES;
				CLANG_WARN_DIRECT_OBJC_ISA_USAGE = YES_ERROR;
				CLANG_WARN_DOCUMENTATION_COMMENTS = YES;
				CLANG_WARN_EMPTY_BODY = YES;
				CLANG_WARN_ENUM_CONVERSION = YES;
				CLANG_WARN_INFINITE_RECURSION = YES;
				CLANG_WARN_INT_CONVERSION = YES;
				CLANG_WARN_NON_LITERAL_NULL_CONVERSION = YES;
				CLANG_WARN_OBJC_LITERAL_CONVERSION = YES;
				CLANG_WARN_OBJC_ROOT_CLASS = YES_ERROR;
				CLANG_WARN_RANGE_LOOP_ANALYSIS = YES;
				CLANG_WARN_STRICT_PROTOTYPES = YES;
				CLANG_WARN_SUSPICIOUS_MOVE = YES;
				CLANG_WARN_UNGUARDED_AVAILABILITY = YES_AGGRESSIVE;
				CLANG_WARN_UNREACHABLE_CODE = YES;
				CLANG_WARN__DUPLICATE_METHOD_MATCH = YES;
				CODE_SIGN_IDENTITY = "iPhone Developer";
				COPY_PHASE_STRIP = NO;
				DEBUG_INFORMATION_FORMAT = "dwarf-with-dsym";
				ENABLE_NS_ASSERTIONS = NO;
				ENABLE_STRICT_OBJC_MSGSEND = YES;
				GCC_C_LANGUAGE_STANDARD = gnu11;
				GCC_NO_COMMON_BLOCKS = YES;
				GCC_WARN_64_TO_32_BIT_CONVERSION = YES;
				GCC_WARN_ABOUT_RETURN_TYPE = YES_ERROR;
				GCC_WARN_UNDECLARED_SELECTOR = YES;
				GCC_WARN_UNINITIALIZED_AUTOS = YES_AGGRESSIVE;
				GCC_WARN_UNUSED_FUNCTION = YES;
				GCC_WARN_UNUSED_VARIABLE = YES;
				IPHONEOS_DEPLOYMENT_TARGET = 11.0;
				MTL_ENABLE_DEBUG_INFO = NO;
				SDKROOT = iphoneos;
				VALIDATE_PRODUCT = YES;
			};
			name = Release;
		};
		2FD5F7501FA05EBE00C8C0A2 /* Debug */ = {
			isa = XCBuildConfiguration;
			buildSettings = {
				ASSETCATALOG_COMPILER_APPICON_NAME = AppIcon;
				CODE_SIGN_STYLE = Automatic;
				INFOPLIST_FILE = StatusBarDemo/Info.plist;
				LD_RUNPATH_SEARCH_PATHS = "$(inherited) @executable_path/Frameworks";
				PRODUCT_BUNDLE_IDENTIFIER = com.tdx.sjjvenu.StatusBarDemo;
				PRODUCT_NAME = "$(TARGET_NAME)";
				TARGETED_DEVICE_FAMILY = "1,2";
			};
			name = Debug;
		};
		2FD5F7511FA05EBE00C8C0A2 /* Release */ = {
			isa = XCBuildConfiguration;
			buildSettings = {
				ASSETCATALOG_COMPILER_APPICON_NAME = AppIcon;
				CODE_SIGN_STYLE = Automatic;
				INFOPLIST_FILE = StatusBarDemo/Info.plist;
				LD_RUNPATH_SEARCH_PATHS = "$(inherited) @executable_path/Frameworks";
				PRODUCT_BUNDLE_IDENTIFIER = com.tdx.sjjvenu.StatusBarDemo;
				PRODUCT_NAME = "$(TARGET_NAME)";
				TARGETED_DEVICE_FAMILY = "1,2";
			};
			name = Release;
		};
/* End XCBuildConfiguration section */

/* Begin XCConfigurationList section */
		2FD5F7341FA05EBE00C8C0A2 /* Build configuration list for PBXProject "StatusBarDemo" */ = {
			isa = XCConfigurationList;
			buildConfigurations = (
				2FD5F74D1FA05EBE00C8C0A2 /* Debug */,
				2FD5F74E1FA05EBE00C8C0A2 /* Release */,
			);
			defaultConfigurationIsVisible = 0;
			defaultConfigurationName = Release;
		};
		2FD5F74F1FA05EBE00C8C0A2 /* Build configuration list for PBXNativeTarget "StatusBarDemo" */ = {
			isa = XCConfigurationList;
			buildConfigurations = (
				2FD5F7501FA05EBE00C8C0A2 /* Debug */,
				2FD5F7511FA05EBE00C8C0A2 /* Release */,
			);
			defaultConfigurationIsVisible = 0;
			defaultConfigurationName = Release;
		};
/* End XCConfigurationList section */
	};
	rootObject = 2FD5F7311FA05EBE00C8C0A2 /* Project object */;
}
